<Solution>
  <Project Path="WarpClock.Abstractions/WarpClock.Abstractions.csproj" />
  <Project Path="WarpClock.Engine/WarpClock.Engine.csproj" />
  <Project Path="WarpClock.Themes.Builtin/WarpClock.Themes.Builtin.csproj" />
  <Project Path="WarpClock.App/WarpClock.App.csproj" />
  <Project Path="WarpClock.Themes.Nerd/WarpClock.Themes.Nerd.csproj" />
  <Project Path="WarpClock.Themes.Scatter/WarpClock.Themes.Scatter.csproj" />
</Solution>
