<Solution>
  <Folder Name="/WarpToolkit/">
    <Project Path="../../../../../WARP/src/WarpToolkit.WinForms.AppServices/WarpToolkit.WinForms.AppServices.csproj" />
    <Project Path="../../../../../WARP/src/WarpToolkit.WinForms.Extensions/WarpToolkit.WinForms.Extensions.csproj" />
    <Project Path="../../../../../WARP/src/WarpToolkit.WinForms.Specialized/WarpToolkit.WinForms.Specialized.csproj" />
    <Project Path="../../../../../WARP/src/WarpToolkit.WinForms.Typography/WarpToolkit.WinForms.Typography.csproj" />
    <Project Path="../../../../../WARP/src/WarpToolkit.WinForms/WarpToolkit.WinForms.csproj" />
  </Folder>
  <Project Path="WinBaas.App/WinBaas.App.csproj" />
</Solution>
